
Microsoft Visual Studio Solution File, Format Version 12.00
# Visual Studio Version 16
VisualStudioVersion = 16.0.29613.14
MinimumVisualStudioVersion = 10.0.40219.1
Project("{9A19103F-16F7-4668-BE54-9A1E7A4F7556}") = "D0b0.Plugin.Analytics.ApplicationInsights", "D0b0.Plugin.Analytics.ApplicationInsights\D0b0.Plugin.Analytics.ApplicationInsights.csproj", "{5DF2B092-F698-4B33-BFCA-C8898B8AD382}"
EndProject
Global
	GlobalSection(SolutionConfigurationPlatforms) = preSolution
		Debug|Any CPU = Debug|Any CPU
		Release|Any CPU = Release|Any CPU
	EndGlobalSection
	GlobalSection(ProjectConfigurationPlatforms) = postSolution
		{5DF2B092-F698-4B33-BFCA-C8898B8AD382}.Debug|Any CPU.ActiveCfg = Debug|Any CPU
		{5DF2B092-F698-4B33-BFCA-C8898B8AD382}.Debug|Any CPU.Build.0 = Debug|Any CPU
		{5DF2B092-F698-4B33-BFCA-C8898B8AD382}.Release|Any CPU.ActiveCfg = Release|Any CPU
		{5DF2B092-F698-4B33-BFCA-C8898B8AD382}.Release|Any CPU.Build.0 = Release|Any CPU
	EndGlobalSection
	GlobalSection(SolutionProperties) = preSolution
		HideSolutionNode = FALSE
	EndGlobalSection
	GlobalSection(ExtensibilityGlobals) = postSolution
		SolutionGuid = {36284F56-CDCC-4F7A-A1F6-50B29721B5C8}
	EndGlobalSection
EndGlobal
